
Microsoft Visual Studio Solution File, Format Version 12.00
# Visual Studio Version 16
VisualStudioVersion = 16.0.32106.194
MinimumVisualStudioVersion = 10.0.40219.1
Project("{9A19103F-16F7-4668-BE54-9A1E7A4F7556}") = "CancellingTaskDelay", "CancellingTaskDelay.csproj", "{7262EEA2-77A3-4721-80F5-F006F4888013}"
EndProject
Global
	GlobalSection(SolutionConfigurationPlatforms) = preSolution
		Debug|Any CPU = Debug|Any CPU
		Release|Any CPU = Release|Any CPU
	EndGlobalSection
	GlobalSection(ProjectConfigurationPlatforms) = postSolution
		{7262EEA2-77A3-4721-80F5-F006F4888013}.Debug|Any CPU.ActiveCfg = Debug|Any CPU
		{7262EEA2-77A3-4721-80F5-F006F4888013}.Debug|Any CPU.Build.0 = Debug|Any CPU
		{7262EEA2-77A3-4721-80F5-F006F4888013}.Release|Any CPU.ActiveCfg = Release|Any CPU
		{7262EEA2-77A3-4721-80F5-F006F4888013}.Release|Any CPU.Build.0 = Release|Any CPU
	EndGlobalSection
	GlobalSection(SolutionProperties) = preSolution
		HideSolutionNode = FALSE
	EndGlobalSection
	GlobalSection(ExtensibilityGlobals) = postSolution
		SolutionGuid = {70AC5F5F-83E0-49A3-BDD9-13FE569C6542}
	EndGlobalSection
EndGlobal
